
Microsoft Visual Studio Solution File, Format Version 11.00
# Visual Studio 2010
Project("{FAE04EC0-301F-11D3-BF4B-00C04F79EFBC}") = "Uniform", "Uniform\Uniform.csproj", "{166F6EB2-5143-43DE-B578-1F0E31A596D5}"
EndProject
Global
	GlobalSection(SolutionConfigurationPlatforms) = preSolution
		Debug|x86 = Debug|x86
		Release|x86 = Release|x86
	EndGlobalSection
	GlobalSection(ProjectConfigurationPlatforms) = postSolution
		{166F6EB2-5143-43DE-B578-1F0E31A596D5}.Debug|x86.ActiveCfg = Debug|x86
		{166F6EB2-5143-43DE-B578-1F0E31A596D5}.Debug|x86.Build.0 = Debug|x86
		{166F6EB2-5143-43DE-B578-1F0E31A596D5}.Release|x86.ActiveCfg = Release|x86
		{166F6EB2-5143-43DE-B578-1F0E31A596D5}.Release|x86.Build.0 = Release|x86
	EndGlobalSection
	GlobalSection(SolutionProperties) = preSolution
		HideSolutionNode = FALSE
	EndGlobalSection
EndGlobal
